// !$*UTF8*$!
{
	archiveVersion = 1;
	classes = {
	};
	objectVersion = 55;
	objects = {

/* Begin PBXBuildFile section */
		460820C2288694ED00B6AA5C /* CodonMasterApp.swift in Sources */ = {isa = PBXBuildFile; fileRef = 460820C1288694ED00B6AA5C /* CodonMasterApp.swift */; };
		460820C4288694ED00B6AA5C /* ContentView.swift in Sources */ = {isa = PBXBuildFile; fileRef = 460820C3288694ED00B6AA5C /* ContentView.swift */; };
		460820C6288694EF00B6AA5C /* Assets.xcassets in Resources */ = {isa = PBXBuildFile; fileRef = 460820C5288694EF00B6AA5C /* Assets.xcassets */; };
		460820C9288694EF00B6AA5C /* Preview Assets.xcassets in Resources */ = {isa = PBXBuildFile; fileRef = 460820C8288694EF00B6AA5C /* Preview Assets.xcassets */; };
		46270EF828897E77008967D7 /* GameView.swift in Sources */ = {isa = PBXBuildFile; fileRef = 46270EF728897E77008967D7 /* GameView.swift */; };
		46270EFA28897E96008967D7 /* RankingView.swift in Sources */ = {isa = PBXBuildFile; fileRef = 46270EF928897E96008967D7 /* RankingView.swift */; };
		46270EFC28897EF8008967D7 /* SettingView.swift in Sources */ = {isa = PBXBuildFile; fileRef = 46270EFB28897EF8008967D7 /* SettingView.swift */; };
		4658E7B5289131AB0073FB5E /* GameViewModel.swift in Sources */ = {isa = PBXBuildFile; fileRef = 4658E7B4289131AB0073FB5E /* GameViewModel.swift */; };
		4658E7B728916A9E0073FB5E /* GameThread.swift in Sources */ = {isa = PBXBuildFile; fileRef = 4658E7B628916A9E0073FB5E /* GameThread.swift */; };
		4658E7BB289268B30073FB5E /* NSLock+with.swift in Sources */ = {isa = PBXBuildFile; fileRef = 4658E7BA289268B30073FB5E /* NSLock+with.swift */; };
		4658E7BD289269980073FB5E /* BaseButton.swift in Sources */ = {isa = PBXBuildFile; fileRef = 4658E7BC289269980073FB5E /* BaseButton.swift */; };
		4658E7BF289269B30073FB5E /* AcidView.swift in Sources */ = {isa = PBXBuildFile; fileRef = 4658E7BE289269B30073FB5E /* AcidView.swift */; };
		4658E7C1289269D10073FB5E /* Base.swift in Sources */ = {isa = PBXBuildFile; fileRef = 4658E7C0289269D10073FB5E /* Base.swift */; };
		4690E5F928929B760082EDF4 /* AcidCombinator.swift in Sources */ = {isa = PBXBuildFile; fileRef = 4690E5F828929B760082EDF4 /* AcidCombinator.swift */; };
		4690E5FB28929B950082EDF4 /* AcidKind.swift in Sources */ = {isa = PBXBuildFile; fileRef = 4690E5FA28929B950082EDF4 /* AcidKind.swift */; };
		46BD92182893FBD90017F4FC /* GoogleService-Info.plist in Resources */ = {isa = PBXBuildFile; fileRef = 46BD92172893FBD90017F4FC /* GoogleService-Info.plist */; };
		46BD921B2893FC720017F4FC /* FirebaseCrashlytics in Frameworks */ = {isa = PBXBuildFile; productRef = 46BD921A2893FC720017F4FC /* FirebaseCrashlytics */; };
		46BD921D2893FC720017F4FC /* FirebaseRemoteConfig in Frameworks */ = {isa = PBXBuildFile; productRef = 46BD921C2893FC720017F4FC /* FirebaseRemoteConfig */; };
		46BD921F2893FC720017F4FC /* FirebaseRemoteConfigSwift in Frameworks */ = {isa = PBXBuildFile; productRef = 46BD921E2893FC720017F4FC /* FirebaseRemoteConfigSwift */; };
		46BD92222893FF590017F4FC /* remote_config_defaults.plist in Resources */ = {isa = PBXBuildFile; fileRef = 46BD92212893FF590017F4FC /* remote_config_defaults.plist */; };
		46BD92242894016F0017F4FC /* Announcement.swift in Sources */ = {isa = PBXBuildFile; fileRef = 46BD92232894016F0017F4FC /* Announcement.swift */; };
		46BD92262894069E0017F4FC /* UserDefaults+DomainSchemas.swift in Sources */ = {isa = PBXBuildFile; fileRef = 46BD92252894069E0017F4FC /* UserDefaults+DomainSchemas.swift */; };
		46C460FC288987F600752293 /* AnnounceView.swift in Sources */ = {isa = PBXBuildFile; fileRef = 46C460FB288987F500752293 /* AnnounceView.swift */; };
		46C460FE28898B2800752293 /* ProgressBar.swift in Sources */ = {isa = PBXBuildFile; fileRef = 46C460FD28898B2800752293 /* ProgressBar.swift */; };
/* End PBXBuildFile section */

/* Begin PBXFileReference section */
		460820BE288694ED00B6AA5C /* CodonMaster.app */ = {isa = PBXFileReference; explicitFileType = wrapper.application; includeInIndex = 0; path = CodonMaster.app; sourceTree = BUILT_PRODUCTS_DIR; };
		460820C1288694ED00B6AA5C /* CodonMasterApp.swift */ = {isa = PBXFileReference; lastKnownFileType = sourcecode.swift; path = CodonMasterApp.swift; sourceTree = "<group>"; };
		460820C3288694ED00B6AA5C /* ContentView.swift */ = {isa = PBXFileReference; lastKnownFileType = sourcecode.swift; path = ContentView.swift; sourceTree = "<group>"; };
		460820C5288694EF00B6AA5C /* Assets.xcassets */ = {isa = PBXFileReference; lastKnownFileType = folder.assetcatalog; path = Assets.xcassets; sourceTree = "<group>"; };
		460820C8288694EF00B6AA5C /* Preview Assets.xcassets */ = {isa = PBXFileReference; lastKnownFileType = folder.assetcatalog; path = "Preview Assets.xcassets"; sourceTree = "<group>"; };
		46270EF728897E77008967D7 /* GameView.swift */ = {isa = PBXFileReference; lastKnownFileType = sourcecode.swift; path = GameView.swift; sourceTree = "<group>"; };
		46270EF928897E96008967D7 /* RankingView.swift */ = {isa = PBXFileReference; lastKnownFileType = sourcecode.swift; path = RankingView.swift; sourceTree = "<group>"; };
		46270EFB28897EF8008967D7 /* SettingView.swift */ = {isa = PBXFileReference; lastKnownFileType = sourcecode.swift; path = SettingView.swift; sourceTree = "<group>"; };
		4658E7B4289131AB0073FB5E /* GameViewModel.swift */ = {isa = PBXFileReference; lastKnownFileType = sourcecode.swift; path = GameViewModel.swift; sourceTree = "<group>"; };
		4658E7B628916A9E0073FB5E /* GameThread.swift */ = {isa = PBXFileReference; lastKnownFileType = sourcecode.swift; path = GameThread.swift; sourceTree = "<group>"; };
		4658E7BA289268B30073FB5E /* NSLock+with.swift */ = {isa = PBXFileReference; lastKnownFileType = sourcecode.swift; path = "NSLock+with.swift"; sourceTree = "<group>"; };
		4658E7BC289269980073FB5E /* BaseButton.swift */ = {isa = PBXFileReference; lastKnownFileType = sourcecode.swift; path = BaseButton.swift; sourceTree = "<group>"; };
		4658E7BE289269B30073FB5E /* AcidView.swift */ = {isa = PBXFileReference; lastKnownFileType = sourcecode.swift; path = AcidView.swift; sourceTree = "<group>"; };
		4658E7C0289269D10073FB5E /* Base.swift */ = {isa = PBXFileReference; lastKnownFileType = sourcecode.swift; path = Base.swift; sourceTree = "<group>"; };
		4690E5F828929B760082EDF4 /* AcidCombinator.swift */ = {isa = PBXFileReference; lastKnownFileType = sourcecode.swift; path = AcidCombinator.swift; sourceTree = "<group>"; };
		4690E5FA28929B950082EDF4 /* AcidKind.swift */ = {isa = PBXFileReference; lastKnownFileType = sourcecode.swift; path = AcidKind.swift; sourceTree = "<group>"; };
		46BD92172893FBD90017F4FC /* GoogleService-Info.plist */ = {isa = PBXFileReference; fileEncoding = 4; lastKnownFileType = text.plist.xml; path = "GoogleService-Info.plist"; sourceTree = "<group>"; };
		46BD92212893FF590017F4FC /* remote_config_defaults.plist */ = {isa = PBXFileReference; fileEncoding = 4; lastKnownFileType = text.plist.xml; path = remote_config_defaults.plist; sourceTree = "<group>"; };
		46BD92232894016F0017F4FC /* Announcement.swift */ = {isa = PBXFileReference; lastKnownFileType = sourcecode.swift; path = Announcement.swift; sourceTree = "<group>"; };
		46BD92252894069E0017F4FC /* UserDefaults+DomainSchemas.swift */ = {isa = PBXFileReference; lastKnownFileType = sourcecode.swift; path = "UserDefaults+DomainSchemas.swift"; sourceTree = "<group>"; };
		46C460FB288987F500752293 /* AnnounceView.swift */ = {isa = PBXFileReference; lastKnownFileType = sourcecode.swift; path = AnnounceView.swift; sourceTree = "<group>"; };
		46C460FD28898B2800752293 /* ProgressBar.swift */ = {isa = PBXFileReference; lastKnownFileType = sourcecode.swift; path = ProgressBar.swift; sourceTree = "<group>"; };
/* End PBXFileReference section */

/* Begin PBXFrameworksBuildPhase section */
		460820BB288694ED00B6AA5C /* Frameworks */ = {
			isa = PBXFrameworksBuildPhase;
			buildActionMask = 2147483647;
			files = (
				46BD921F2893FC720017F4FC /* FirebaseRemoteConfigSwift in Frameworks */,
				46BD921B2893FC720017F4FC /* FirebaseCrashlytics in Frameworks */,
				46BD921D2893FC720017F4FC /* FirebaseRemoteConfig in Frameworks */,
			);
			runOnlyForDeploymentPostprocessing = 0;
		};
/* End PBXFrameworksBuildPhase section */

/* Begin PBXGroup section */
		460820B5288694ED00B6AA5C = {
			isa = PBXGroup;
			children = (
				460820C0288694ED00B6AA5C /* CodonMaster */,
				460820BF288694ED00B6AA5C /* Products */,
			);
			sourceTree = "<group>";
		};
		460820BF288694ED00B6AA5C /* Products */ = {
			isa = PBXGroup;
			children = (
				460820BE288694ED00B6AA5C /* CodonMaster.app */,
			);
			name = Products;
			sourceTree = "<group>";
		};
		460820C0288694ED00B6AA5C /* CodonMaster */ = {
			isa = PBXGroup;
			children = (
				46BD922C289409750017F4FC /* setting */,
				46BD922B289409660017F4FC /* ranking */,
				46BD9229289408D70017F4FC /* game */,
				46BD92282894089F0017F4FC /* extensions */,
				46BD9227289408950017F4FC /* announcement */,
				46BD92212893FF590017F4FC /* remote_config_defaults.plist */,
				46BD92172893FBD90017F4FC /* GoogleService-Info.plist */,
				460820C1288694ED00B6AA5C /* CodonMasterApp.swift */,
				460820C3288694ED00B6AA5C /* ContentView.swift */,
				460820C5288694EF00B6AA5C /* Assets.xcassets */,
				460820C7288694EF00B6AA5C /* Preview Content */,
			);
			path = CodonMaster;
			sourceTree = "<group>";
		};
		460820C7288694EF00B6AA5C /* Preview Content */ = {
			isa = PBXGroup;
			children = (
				460820C8288694EF00B6AA5C /* Preview Assets.xcassets */,
			);
			path = "Preview Content";
			sourceTree = "<group>";
		};
		46BD9227289408950017F4FC /* announcement */ = {
			isa = PBXGroup;
			children = (
				46BD92232894016F0017F4FC /* Announcement.swift */,
				46C460FB288987F500752293 /* AnnounceView.swift */,
			);
			path = announcement;
			sourceTree = "<group>";
		};
		46BD92282894089F0017F4FC /* extensions */ = {
			isa = PBXGroup;
			children = (
				46BD92252894069E0017F4FC /* UserDefaults+DomainSchemas.swift */,
				4658E7BA289268B30073FB5E /* NSLock+with.swift */,
			);
			path = extensions;
			sourceTree = "<group>";
		};
		46BD9229289408D70017F4FC /* game */ = {
			isa = PBXGroup;
			children = (
				46C460FD28898B2800752293 /* ProgressBar.swift */,
				4658E7BC289269980073FB5E /* BaseButton.swift */,
				4658E7C0289269D10073FB5E /* Base.swift */,
				4690E5F828929B760082EDF4 /* AcidCombinator.swift */,
				4690E5FA28929B950082EDF4 /* AcidKind.swift */,
				4658E7BE289269B30073FB5E /* AcidView.swift */,
				4658E7B4289131AB0073FB5E /* GameViewModel.swift */,
				4658E7B628916A9E0073FB5E /* GameThread.swift */,
				46270EF728897E77008967D7 /* GameView.swift */,
			);
			path = game;
			sourceTree = "<group>";
		};
		46BD922B289409660017F4FC /* ranking */ = {
			isa = PBXGroup;
			children = (
				46270EF928897E96008967D7 /* RankingView.swift */,
			);
			path = ranking;
			sourceTree = "<group>";
		};
		46BD922C289409750017F4FC /* setting */ = {
			isa = PBXGroup;
			children = (
				46270EFB28897EF8008967D7 /* SettingView.swift */,
			);
			path = setting;
			sourceTree = "<group>";
		};
/* End PBXGroup section */

/* Begin PBXNativeTarget section */
		460820BD288694ED00B6AA5C /* CodonMaster */ = {
			isa = PBXNativeTarget;
			buildConfigurationList = 460820CC288694EF00B6AA5C /* Build configuration list for PBXNativeTarget "CodonMaster" */;
			buildPhases = (
				460820BA288694ED00B6AA5C /* Sources */,
				460820BB288694ED00B6AA5C /* Frameworks */,
				460820BC288694ED00B6AA5C /* Resources */,
				46BD92202893FD610017F4FC /* ShellScript */,
			);
			buildRules = (
			);
			dependencies = (
			);
			name = CodonMaster;
			packageProductDependencies = (
				46BD921A2893FC720017F4FC /* FirebaseCrashlytics */,
				46BD921C2893FC720017F4FC /* FirebaseRemoteConfig */,
				46BD921E2893FC720017F4FC /* FirebaseRemoteConfigSwift */,
			);
			productName = CodonMaster;
			productReference = 460820BE288694ED00B6AA5C /* CodonMaster.app */;
			productType = "com.apple.product-type.application";
		};
/* End PBXNativeTarget section */

/* Begin PBXProject section */
		460820B6288694ED00B6AA5C /* Project object */ = {
			isa = PBXProject;
			attributes = {
				BuildIndependentTargetsInParallel = 1;
				LastSwiftUpdateCheck = 1340;
				LastUpgradeCheck = 1340;
				TargetAttributes = {
					460820BD288694ED00B6AA5C = {
						CreatedOnToolsVersion = 13.4.1;
					};
				};
			};
			buildConfigurationList = 460820B9288694ED00B6AA5C /* Build configuration list for PBXProject "CodonMaster" */;
			compatibilityVersion = "Xcode 13.0";
			developmentRegion = en;
			hasScannedForEncodings = 0;
			knownRegions = (
				en,
				Base,
			);
			mainGroup = 460820B5288694ED00B6AA5C;
			packageReferences = (
				46BD92192893FC720017F4FC /* XCRemoteSwiftPackageReference "firebase-ios-sdk" */,
			);
			productRefGroup = 460820BF288694ED00B6AA5C /* Products */;
			projectDirPath = "";
			projectRoot = "";
			targets = (
				460820BD288694ED00B6AA5C /* CodonMaster */,
			);
		};
/* End PBXProject section */

/* Begin PBXResourcesBuildPhase section */
		460820BC288694ED00B6AA5C /* Resources */ = {
			isa = PBXResourcesBuildPhase;
			buildActionMask = 2147483647;
			files = (
				460820C9288694EF00B6AA5C /* Preview Assets.xcassets in Resources */,
				460820C6288694EF00B6AA5C /* Assets.xcassets in Resources */,
				46BD92222893FF590017F4FC /* remote_config_defaults.plist in Resources */,
				46BD92182893FBD90017F4FC /* GoogleService-Info.plist in Resources */,
			);
			runOnlyForDeploymentPostprocessing = 0;
		};
/* End PBXResourcesBuildPhase section */

/* Begin PBXShellScriptBuildPhase section */
		46BD92202893FD610017F4FC /* ShellScript */ = {
			isa = PBXShellScriptBuildPhase;
			buildActionMask = 2147483647;
			files = (
			);
			inputFileListPaths = (
			);
			inputPaths = (
				"${DWARF_DSYM_FOLDER_PATH}/${DWARF_DSYM_FILE_NAME}/Contents/Resources/DWARF/${TARGET_NAME}",
				"$(SRCROOT)/$(BUILT_PRODUCTS_DIR)/$(INFOPLIST_PATH)",
			);
			outputFileListPaths = (
			);
			outputPaths = (
			);
			runOnlyForDeploymentPostprocessing = 0;
			shellPath = /bin/sh;
			shellScript = "# Type a script or drag a script file from your workspace to insert its path.\n\"${BUILD_DIR%/Build/*}/SourcePackages/checkouts/firebase-ios-sdk/Crashlytics/run\"\n";
		};
/* End PBXShellScriptBuildPhase section */

/* Begin PBXSourcesBuildPhase section */
		460820BA288694ED00B6AA5C /* Sources */ = {
			isa = PBXSourcesBuildPhase;
			buildActionMask = 2147483647;
			files = (
				460820C4288694ED00B6AA5C /* ContentView.swift in Sources */,
				4658E7BF289269B30073FB5E /* AcidView.swift in Sources */,
				46C460FC288987F600752293 /* AnnounceView.swift in Sources */,
				46270EFC28897EF8008967D7 /* SettingView.swift in Sources */,
				4658E7B728916A9E0073FB5E /* GameThread.swift in Sources */,
				4658E7C1289269D10073FB5E /* Base.swift in Sources */,
				4690E5F928929B760082EDF4 /* AcidCombinator.swift in Sources */,
				46270EFA28897E96008967D7 /* RankingView.swift in Sources */,
				46BD92242894016F0017F4FC /* Announcement.swift in Sources */,
				4690E5FB28929B950082EDF4 /* AcidKind.swift in Sources */,
				4658E7BD289269980073FB5E /* BaseButton.swift in Sources */,
				4658E7BB289268B30073FB5E /* NSLock+with.swift in Sources */,
				4658E7B5289131AB0073FB5E /* GameViewModel.swift in Sources */,
				46BD92262894069E0017F4FC /* UserDefaults+DomainSchemas.swift in Sources */,
				46270EF828897E77008967D7 /* GameView.swift in Sources */,
				460820C2288694ED00B6AA5C /* CodonMasterApp.swift in Sources */,
				46C460FE28898B2800752293 /* ProgressBar.swift in Sources */,
			);
			runOnlyForDeploymentPostprocessing = 0;
		};
/* End PBXSourcesBuildPhase section */

/* Begin XCBuildConfiguration section */
		460820CA288694EF00B6AA5C /* Debug */ = {
			isa = XCBuildConfiguration;
			buildSettings = {
				ALWAYS_SEARCH_USER_PATHS = NO;
				CLANG_ANALYZER_NONNULL = YES;
				CLANG_ANALYZER_NUMBER_OBJECT_CONVERSION = YES_AGGRESSIVE;
				CLANG_CXX_LANGUAGE_STANDARD = "gnu++17";
				CLANG_ENABLE_MODULES = YES;
				CLANG_ENABLE_OBJC_ARC = YES;
				CLANG_ENABLE_OBJC_WEAK = YES;
				CLANG_WARN_BLOCK_CAPTURE_AUTORELEASING = YES;
				CLANG_WARN_BOOL_CONVERSION = YES;
				CLANG_WARN_COMMA = YES;
				CLANG_WARN_CONSTANT_CONVERSION = YES;
				CLANG_WARN_DEPRECATED_OBJC_IMPLEMENTATIONS = YES;
				CLANG_WARN_DIRECT_OBJC_ISA_USAGE = YES_ERROR;
				CLANG_WARN_DOCUMENTATION_COMMENTS = YES;
				CLANG_WARN_EMPTY_BODY = YES;
				CLANG_WARN_ENUM_CONVERSION = YES;
				CLANG_WARN_INFINITE_RECURSION = YES;
				CLANG_WARN_INT_CONVERSION = YES;
				CLANG_WARN_NON_LITERAL_NULL_CONVERSION = YES;
				CLANG_WARN_OBJC_IMPLICIT_RETAIN_SELF = YES;
				CLANG_WARN_OBJC_LITERAL_CONVERSION = YES;
				CLANG_WARN_OBJC_ROOT_CLASS = YES_ERROR;
				CLANG_WARN_QUOTED_INCLUDE_IN_FRAMEWORK_HEADER = YES;
				CLANG_WARN_RANGE_LOOP_ANALYSIS = YES;
				CLANG_WARN_STRICT_PROTOTYPES = YES;
				CLANG_WARN_SUSPICIOUS_MOVE = YES;
				CLANG_WARN_UNGUARDED_AVAILABILITY = YES_AGGRESSIVE;
				CLANG_WARN_UNREACHABLE_CODE = YES;
				CLANG_WARN__DUPLICATE_METHOD_MATCH = YES;
				COPY_PHASE_STRIP = NO;
				DEBUG_INFORMATION_FORMAT = "dwarf-with-dsym";
				ENABLE_STRICT_OBJC_MSGSEND = YES;
				ENABLE_TESTABILITY = YES;
				GCC_C_LANGUAGE_STANDARD = gnu11;
				GCC_DYNAMIC_NO_PIC = NO;
				GCC_NO_COMMON_BLOCKS = YES;
				GCC_OPTIMIZATION_LEVEL = 0;
				GCC_PREPROCESSOR_DEFINITIONS = (
					"DEBUG=1",
					"$(inherited)",
				);
				GCC_WARN_64_TO_32_BIT_CONVERSION = YES;
				GCC_WARN_ABOUT_RETURN_TYPE = YES_ERROR;
				GCC_WARN_UNDECLARED_SELECTOR = YES;
				GCC_WARN_UNINITIALIZED_AUTOS = YES_AGGRESSIVE;
				GCC_WARN_UNUSED_FUNCTION = YES;
				GCC_WARN_UNUSED_VARIABLE = YES;
				IPHONEOS_DEPLOYMENT_TARGET = 15.5;
				MTL_ENABLE_DEBUG_INFO = INCLUDE_SOURCE;
				MTL_FAST_MATH = YES;
				ONLY_ACTIVE_ARCH = YES;
				SDKROOT = iphoneos;
				SWIFT_ACTIVE_COMPILATION_CONDITIONS = DEBUG;
				SWIFT_OPTIMIZATION_LEVEL = "-Onone";
			};
			name = Debug;
		};
		460820CB288694EF00B6AA5C /* Release */ = {
			isa = XCBuildConfiguration;
			buildSettings = {
				ALWAYS_SEARCH_USER_PATHS = NO;
				CLANG_ANALYZER_NONNULL = YES;
				CLANG_ANALYZER_NUMBER_OBJECT_CONVERSION = YES_AGGRESSIVE;
				CLANG_CXX_LANGUAGE_STANDARD = "gnu++17";
				CLANG_ENABLE_MODULES = YES;
				CLANG_ENABLE_OBJC_ARC = YES;
				CLANG_ENABLE_OBJC_WEAK = YES;
				CLANG_WARN_BLOCK_CAPTURE_AUTORELEASING = YES;
				CLANG_WARN_BOOL_CONVERSION = YES;
				CLANG_WARN_COMMA = YES;
				CLANG_WARN_CONSTANT_CONVERSION = YES;
				CLANG_WARN_DEPRECATED_OBJC_IMPLEMENTATIONS = YES;
				CLANG_WARN_DIRECT_OBJC_ISA_USAGE = YES_ERROR;
				CLANG_WARN_DOCUMENTATION_COMMENTS = YES;
				CLANG_WARN_EMPTY_BODY = YES;
				CLANG_WARN_ENUM_CONVERSION = YES;
				CLANG_WARN_INFINITE_RECURSION = YES;
				CLANG_WARN_INT_CONVERSION = YES;
				CLANG_WARN_NON_LITERAL_NULL_CONVERSION = YES;
				CLANG_WARN_OBJC_IMPLICIT_RETAIN_SELF = YES;
				CLANG_WARN_OBJC_LITERAL_CONVERSION = YES;
				CLANG_WARN_OBJC_ROOT_CLASS = YES_ERROR;
				CLANG_WARN_QUOTED_INCLUDE_IN_FRAMEWORK_HEADER = YES;
				CLANG_WARN_RANGE_LOOP_ANALYSIS = YES;
				CLANG_WARN_STRICT_PROTOTYPES = YES;
				CLANG_WARN_SUSPICIOUS_MOVE = YES;
				CLANG_WARN_UNGUARDED_AVAILABILITY = YES_AGGRESSIVE;
				CLANG_WARN_UNREACHABLE_CODE = YES;
				CLANG_WARN__DUPLICATE_METHOD_MATCH = YES;
				COPY_PHASE_STRIP = NO;
				DEBUG_INFORMATION_FORMAT = "dwarf-with-dsym";
				ENABLE_NS_ASSERTIONS = NO;
				ENABLE_STRICT_OBJC_MSGSEND = YES;
				GCC_C_LANGUAGE_STANDARD = gnu11;
				GCC_NO_COMMON_BLOCKS = YES;
				GCC_WARN_64_TO_32_BIT_CONVERSION = YES;
				GCC_WARN_ABOUT_RETURN_TYPE = YES_ERROR;
				GCC_WARN_UNDECLARED_SELECTOR = YES;
				GCC_WARN_UNINITIALIZED_AUTOS = YES_AGGRESSIVE;
				GCC_WARN_UNUSED_FUNCTION = YES;
				GCC_WARN_UNUSED_VARIABLE = YES;
				IPHONEOS_DEPLOYMENT_TARGET = 15.5;
				MTL_ENABLE_DEBUG_INFO = NO;
				MTL_FAST_MATH = YES;
				SDKROOT = iphoneos;
				SWIFT_COMPILATION_MODE = wholemodule;
				SWIFT_OPTIMIZATION_LEVEL = "-O";
				VALIDATE_PRODUCT = YES;
			};
			name = Release;
		};
		460820CD288694EF00B6AA5C /* Debug */ = {
			isa = XCBuildConfiguration;
			buildSettings = {
				ASSETCATALOG_COMPILER_APPICON_NAME = AppIcon;
				ASSETCATALOG_COMPILER_GLOBAL_ACCENT_COLOR_NAME = AccentColor;
				CODE_SIGN_STYLE = Automatic;
				CURRENT_PROJECT_VERSION = 1;
				DEVELOPMENT_ASSET_PATHS = "\"CodonMaster/Preview Content\"";
				DEVELOPMENT_TEAM = 3N93KR434F;
				ENABLE_PREVIEWS = YES;
				GENERATE_INFOPLIST_FILE = YES;
				INFOPLIST_KEY_UIApplicationSceneManifest_Generation = YES;
				INFOPLIST_KEY_UIApplicationSupportsIndirectInputEvents = YES;
				INFOPLIST_KEY_UILaunchScreen_Generation = YES;
				INFOPLIST_KEY_UISupportedInterfaceOrientations_iPad = "UIInterfaceOrientationPortrait UIInterfaceOrientationPortraitUpsideDown UIInterfaceOrientationLandscapeLeft UIInterfaceOrientationLandscapeRight";
				INFOPLIST_KEY_UISupportedInterfaceOrientations_iPhone = "UIInterfaceOrientationPortrait UIInterfaceOrientationLandscapeLeft UIInterfaceOrientationLandscapeRight";
				LD_RUNPATH_SEARCH_PATHS = (
					"$(inherited)",
					"@executable_path/Frameworks",
				);
				MARKETING_VERSION = 1.0;
				PRODUCT_BUNDLE_IDENTIFIER = com.kyhsgeekcode.CodonMaster;
				PRODUCT_NAME = "$(TARGET_NAME)";
				SWIFT_EMIT_LOC_STRINGS = YES;
				SWIFT_VERSION = 5.0;
				TARGETED_DEVICE_FAMILY = "1,2";
			};
			name = Debug;
		};
		460820CE288694EF00B6AA5C /* Release */ = {
			isa = XCBuildConfiguration;
			buildSettings = {
				ASSETCATALOG_COMPILER_APPICON_NAME = AppIcon;
				ASSETCATALOG_COMPILER_GLOBAL_ACCENT_COLOR_NAME = AccentColor;
				CODE_SIGN_STYLE = Automatic;
				CURRENT_PROJECT_VERSION = 1;
				DEVELOPMENT_ASSET_PATHS = "\"CodonMaster/Preview Content\"";
				DEVELOPMENT_TEAM = 3N93KR434F;
				ENABLE_PREVIEWS = YES;
				GENERATE_INFOPLIST_FILE = YES;
				INFOPLIST_KEY_UIApplicationSceneManifest_Generation = YES;
				INFOPLIST_KEY_UIApplicationSupportsIndirectInputEvents = YES;
				INFOPLIST_KEY_UILaunchScreen_Generation = YES;
				INFOPLIST_KEY_UISupportedInterfaceOrientations_iPad = "UIInterfaceOrientationPortrait UIInterfaceOrientationPortraitUpsideDown UIInterfaceOrientationLandscapeLeft UIInterfaceOrientationLandscapeRight";
				INFOPLIST_KEY_UISupportedInterfaceOrientations_iPhone = "UIInterfaceOrientationPortrait UIInterfaceOrientationLandscapeLeft UIInterfaceOrientationLandscapeRight";
				LD_RUNPATH_SEARCH_PATHS = (
					"$(inherited)",
					"@executable_path/Frameworks",
				);
				MARKETING_VERSION = 1.0;
				PRODUCT_BUNDLE_IDENTIFIER = com.kyhsgeekcode.CodonMaster;
				PRODUCT_NAME = "$(TARGET_NAME)";
				SWIFT_EMIT_LOC_STRINGS = YES;
				SWIFT_VERSION = 5.0;
				TARGETED_DEVICE_FAMILY = "1,2";
			};
			name = Release;
		};
/* End XCBuildConfiguration section */

/* Begin XCConfigurationList section */
		460820B9288694ED00B6AA5C /* Build configuration list for PBXProject "CodonMaster" */ = {
			isa = XCConfigurationList;
			buildConfigurations = (
				460820CA288694EF00B6AA5C /* Debug */,
				460820CB288694EF00B6AA5C /* Release */,
			);
			defaultConfigurationIsVisible = 0;
			defaultConfigurationName = Release;
		};
		460820CC288694EF00B6AA5C /* Build configuration list for PBXNativeTarget "CodonMaster" */ = {
			isa = XCConfigurationList;
			buildConfigurations = (
				460820CD288694EF00B6AA5C /* Debug */,
				460820CE288694EF00B6AA5C /* Release */,
			);
			defaultConfigurationIsVisible = 0;
			defaultConfigurationName = Release;
		};
/* End XCConfigurationList section */

/* Begin XCRemoteSwiftPackageReference section */
		46BD92192893FC720017F4FC /* XCRemoteSwiftPackageReference "firebase-ios-sdk" */ = {
			isa = XCRemoteSwiftPackageReference;
			repositoryURL = "https://github.com/firebase/firebase-ios-sdk";
			requirement = {
				kind = upToNextMajorVersion;
				minimumVersion = 9.0.0;
			};
		};
/* End XCRemoteSwiftPackageReference section */

/* Begin XCSwiftPackageProductDependency section */
		46BD921A2893FC720017F4FC /* FirebaseCrashlytics */ = {
			isa = XCSwiftPackageProductDependency;
			package = 46BD92192893FC720017F4FC /* XCRemoteSwiftPackageReference "firebase-ios-sdk" */;
			productName = FirebaseCrashlytics;
		};
		46BD921C2893FC720017F4FC /* FirebaseRemoteConfig */ = {
			isa = XCSwiftPackageProductDependency;
			package = 46BD92192893FC720017F4FC /* XCRemoteSwiftPackageReference "firebase-ios-sdk" */;
			productName = FirebaseRemoteConfig;
		};
		46BD921E2893FC720017F4FC /* FirebaseRemoteConfigSwift */ = {
			isa = XCSwiftPackageProductDependency;
			package = 46BD92192893FC720017F4FC /* XCRemoteSwiftPackageReference "firebase-ios-sdk" */;
			productName = FirebaseRemoteConfigSwift;
		};
/* End XCSwiftPackageProductDependency section */
	};
	rootObject = 460820B6288694ED00B6AA5C /* Project object */;
}
